
Microsoft Visual Studio Solution File, Format Version 12.00
# Visual Studio Version 17
VisualStudioVersion = 17.7.34221.43
MinimumVisualStudioVersion = 10.0.40219.1
Project("{FAE04EC0-301F-11D3-BF4B-00C04F79EFBC}") = "VSAProjetoBase", "VSAProjetoBase\VSAProjetoBase.csproj", "{4D842DCC-B0A9-4A28-B253-FD9C8EBD017E}"
EndProject
Project("{2150E333-8FDC-42A3-9474-1A3956D46DE8}") = "Presentation", "Presentation", "{F954D69A-6EF2-466B-831D-8BF63D3318E1}"
EndProject
Project("{2150E333-8FDC-42A3-9474-1A3956D46DE8}") = "Features", "Features", "{9DD959F9-770D-4712-8F33-933CAEDDC387}"
EndProject
Project("{2150E333-8FDC-42A3-9474-1A3956D46DE8}") = "Infraestrutura", "Infraestrutura", "{EE210206-7FE6-47A7-B0D2-71E2B54BC747}"
EndProject
Project("{FAE04EC0-301F-11D3-BF4B-00C04F79EFBC}") = "Common", "VSAProjetoBase.infra.data\Common.csproj", "{4D8BEE2E-29E8-455A-A08F-9D83FA52D5CB}"
EndProject
Project("{FAE04EC0-301F-11D3-BF4B-00C04F79EFBC}") = "Alertas", "Alertas\Alertas.csproj", "{CCEE1BD3-F158-4AC9-8ABE-284DCBA1961E}"
EndProject
Global
	GlobalSection(SolutionConfigurationPlatforms) = preSolution
		Debug|Any CPU = Debug|Any CPU
		Release|Any CPU = Release|Any CPU
	EndGlobalSection
	GlobalSection(ProjectConfigurationPlatforms) = postSolution
		{4D842DCC-B0A9-4A28-B253-FD9C8EBD017E}.Debug|Any CPU.ActiveCfg = Debug|Any CPU
		{4D842DCC-B0A9-4A28-B253-FD9C8EBD017E}.Debug|Any CPU.Build.0 = Debug|Any CPU
		{4D842DCC-B0A9-4A28-B253-FD9C8EBD017E}.Release|Any CPU.ActiveCfg = Release|Any CPU
		{4D842DCC-B0A9-4A28-B253-FD9C8EBD017E}.Release|Any CPU.Build.0 = Release|Any CPU
		{4D8BEE2E-29E8-455A-A08F-9D83FA52D5CB}.Debug|Any CPU.ActiveCfg = Debug|Any CPU
		{4D8BEE2E-29E8-455A-A08F-9D83FA52D5CB}.Debug|Any CPU.Build.0 = Debug|Any CPU
		{4D8BEE2E-29E8-455A-A08F-9D83FA52D5CB}.Release|Any CPU.ActiveCfg = Release|Any CPU
		{4D8BEE2E-29E8-455A-A08F-9D83FA52D5CB}.Release|Any CPU.Build.0 = Release|Any CPU
		{CCEE1BD3-F158-4AC9-8ABE-284DCBA1961E}.Debug|Any CPU.ActiveCfg = Debug|Any CPU
		{CCEE1BD3-F158-4AC9-8ABE-284DCBA1961E}.Debug|Any CPU.Build.0 = Debug|Any CPU
		{CCEE1BD3-F158-4AC9-8ABE-284DCBA1961E}.Release|Any CPU.ActiveCfg = Release|Any CPU
		{CCEE1BD3-F158-4AC9-8ABE-284DCBA1961E}.Release|Any CPU.Build.0 = Release|Any CPU
	EndGlobalSection
	GlobalSection(SolutionProperties) = preSolution
		HideSolutionNode = FALSE
	EndGlobalSection
	GlobalSection(NestedProjects) = preSolution
		{4D842DCC-B0A9-4A28-B253-FD9C8EBD017E} = {F954D69A-6EF2-466B-831D-8BF63D3318E1}
		{4D8BEE2E-29E8-455A-A08F-9D83FA52D5CB} = {EE210206-7FE6-47A7-B0D2-71E2B54BC747}
		{CCEE1BD3-F158-4AC9-8ABE-284DCBA1961E} = {9DD959F9-770D-4712-8F33-933CAEDDC387}
	EndGlobalSection
	GlobalSection(ExtensibilityGlobals) = postSolution
		SolutionGuid = {3DEBB232-544B-4081-8AF3-197A1677010B}
	EndGlobalSection
EndGlobal
