
Microsoft Visual Studio Solution File, Format Version 12.00
# Visual Studio Version 17
VisualStudioVersion = 17.7.34221.43
MinimumVisualStudioVersion = 10.0.40219.1
Project("{9A19103F-16F7-4668-BE54-9A1E7A4F7556}") = "VSATemplate", "VSATemplate\VSATemplate.csproj", "{A71ED580-B3D5-42CF-8204-4AC0B9BB387B}"
EndProject
Global
	GlobalSection(SolutionConfigurationPlatforms) = preSolution
		Debug|Any CPU = Debug|Any CPU
		Release|Any CPU = Release|Any CPU
	EndGlobalSection
	GlobalSection(ProjectConfigurationPlatforms) = postSolution
		{A71ED580-B3D5-42CF-8204-4AC0B9BB387B}.Debug|Any CPU.ActiveCfg = Debug|Any CPU
		{A71ED580-B3D5-42CF-8204-4AC0B9BB387B}.Debug|Any CPU.Build.0 = Debug|Any CPU
		{A71ED580-B3D5-42CF-8204-4AC0B9BB387B}.Release|Any CPU.ActiveCfg = Release|Any CPU
		{A71ED580-B3D5-42CF-8204-4AC0B9BB387B}.Release|Any CPU.Build.0 = Release|Any CPU
	EndGlobalSection
	GlobalSection(SolutionProperties) = preSolution
		HideSolutionNode = FALSE
	EndGlobalSection
	GlobalSection(ExtensibilityGlobals) = postSolution
		SolutionGuid = {C3FF9BF3-0BC2-4E18-BC0E-20E1281A853D}
	EndGlobalSection
EndGlobal
